
Microsoft Visual Studio Solution File, Format Version 12.00
# Visual Studio Version 16
VisualStudioVersion = 16.0.29215.179
MinimumVisualStudioVersion = 10.0.40219.1
Project("{FAE04EC0-301F-11D3-BF4B-00C04F79EFBC}") = "26march", "26march.csproj", "{7006CE25-F891-446D-9BE8-992A6BE1BE68}"
EndProject
Global
	GlobalSection(SolutionConfigurationPlatforms) = preSolution
		Debug|Any CPU = Debug|Any CPU
		Release|Any CPU = Release|Any CPU
	EndGlobalSection
	GlobalSection(ProjectConfigurationPlatforms) = postSolution
		{7006CE25-F891-446D-9BE8-992A6BE1BE68}.Debug|Any CPU.ActiveCfg = Debug|Any CPU
		{7006CE25-F891-446D-9BE8-992A6BE1BE68}.Debug|Any CPU.Build.0 = Debug|Any CPU
		{7006CE25-F891-446D-9BE8-992A6BE1BE68}.Release|Any CPU.ActiveCfg = Release|Any CPU
		{7006CE25-F891-446D-9BE8-992A6BE1BE68}.Release|Any CPU.Build.0 = Release|Any CPU
	EndGlobalSection
	GlobalSection(SolutionProperties) = preSolution
		HideSolutionNode = FALSE
	EndGlobalSection
	GlobalSection(ExtensibilityGlobals) = postSolution
		SolutionGuid = {1A2154B1-CDD5-4F97-AE9E-50E5E2B0AA92}
	EndGlobalSection
EndGlobal
